
Microsoft Visual Studio Solution File, Format Version 12.00
# Visual Studio 14
VisualStudioVersion = 14.0.24720.0
MinimumVisualStudioVersion = 10.0.40219.1
Project("{FAE04EC0-301F-11D3-BF4B-00C04F79EFBC}") = "OKHOSTING.Data", "PCL\OKHOSTING.Data\OKHOSTING.Data.csproj", "{5BA0CBAC-63E5-4E01-AECA-67AE3B63503B}"
EndProject
Project("{FAE04EC0-301F-11D3-BF4B-00C04F79EFBC}") = "OKHOSTING.Data.Net4.EntityFramework", "Net4\OKHOSTING.Data.Net4.EntityFramework\OKHOSTING.Data.Net4.EntityFramework.csproj", "{C7815BDC-A804-4CD0-A206-CF80DEEEB15A}"
EndProject
Project("{FAE04EC0-301F-11D3-BF4B-00C04F79EFBC}") = "OKHOSTING.Data.Net4.OrmLite", "Net4\OKHOSTING.Data.Net4.OrmLite\OKHOSTING.Data.Net4.OrmLite.csproj", "{F524E607-BB37-4F6B-88A3-A104638484B2}"
EndProject
Project("{2150E333-8FDC-42A3-9474-1A3956D46DE8}") = "PCL", "PCL", "{EA0C2E96-5E25-419F-B595-BEFF0F492922}"
EndProject
Project("{2150E333-8FDC-42A3-9474-1A3956D46DE8}") = "Net4", "Net4", "{215E24CE-3141-4271-B514-1954005C0052}"
EndProject
Global
	GlobalSection(SolutionConfigurationPlatforms) = preSolution
		Debug|Any CPU = Debug|Any CPU
		Release|Any CPU = Release|Any CPU
	EndGlobalSection
	GlobalSection(ProjectConfigurationPlatforms) = postSolution
		{5BA0CBAC-63E5-4E01-AECA-67AE3B63503B}.Debug|Any CPU.ActiveCfg = Debug|Any CPU
		{5BA0CBAC-63E5-4E01-AECA-67AE3B63503B}.Debug|Any CPU.Build.0 = Debug|Any CPU
		{5BA0CBAC-63E5-4E01-AECA-67AE3B63503B}.Release|Any CPU.ActiveCfg = Release|Any CPU
		{5BA0CBAC-63E5-4E01-AECA-67AE3B63503B}.Release|Any CPU.Build.0 = Release|Any CPU
		{C7815BDC-A804-4CD0-A206-CF80DEEEB15A}.Debug|Any CPU.ActiveCfg = Debug|Any CPU
		{C7815BDC-A804-4CD0-A206-CF80DEEEB15A}.Debug|Any CPU.Build.0 = Debug|Any CPU
		{C7815BDC-A804-4CD0-A206-CF80DEEEB15A}.Release|Any CPU.ActiveCfg = Release|Any CPU
		{C7815BDC-A804-4CD0-A206-CF80DEEEB15A}.Release|Any CPU.Build.0 = Release|Any CPU
		{F524E607-BB37-4F6B-88A3-A104638484B2}.Debug|Any CPU.ActiveCfg = Debug|Any CPU
		{F524E607-BB37-4F6B-88A3-A104638484B2}.Debug|Any CPU.Build.0 = Debug|Any CPU
		{F524E607-BB37-4F6B-88A3-A104638484B2}.Release|Any CPU.ActiveCfg = Release|Any CPU
		{F524E607-BB37-4F6B-88A3-A104638484B2}.Release|Any CPU.Build.0 = Release|Any CPU
	EndGlobalSection
	GlobalSection(SolutionProperties) = preSolution
		HideSolutionNode = FALSE
	EndGlobalSection
	GlobalSection(NestedProjects) = preSolution
		{5BA0CBAC-63E5-4E01-AECA-67AE3B63503B} = {EA0C2E96-5E25-419F-B595-BEFF0F492922}
		{C7815BDC-A804-4CD0-A206-CF80DEEEB15A} = {215E24CE-3141-4271-B514-1954005C0052}
		{F524E607-BB37-4F6B-88A3-A104638484B2} = {215E24CE-3141-4271-B514-1954005C0052}
	EndGlobalSection
EndGlobal
